PODS:
  - Alamofire (4.7.3)
  - ASDebugger (0.0.8):
    - ASDebugger/Core (= 0.0.8)
    - SocketRocket (~> 0.5.1)
  - ASDebugger/Core (0.0.8):
    - SocketRocket (~> 0.5.1)
  - ASFoundation (0.0.1):
    - ReachabilitySwift (~> 4.3.0)
  - ReachabilitySwift (4.3.0)
  - SDWebImage (4.4.2):
    - SDWebImage/Core (= 4.4.2)
  - SDWebImage/Core (4.4.2)
  - SkeletonView (1.4.1)
  - SocketRocket (0.5.1)
  - SwiftInstagram (1.1.2):
    - SwiftInstagram/Core (= 1.1.2)
  - SwiftInstagram/Core (1.1.2)

DEPENDENCIES:
  - Alamofire (~> 4.7)
  - ASDebugger
  - ASFoundation (from `Foundation`)
  - SDWebImage (~> 4.4)
  - SkeletonView (~> 1.4.1)
  - SwiftInstagram (~> 1.1.2)

SPEC REPOS:
  https://github.com/cocoapods/specs.git:
    - Alamofire
    - ASDebugger
    - ReachabilitySwift
    - SDWebImage
    - SkeletonView
    - SocketRocket
    - SwiftInstagram

EXTERNAL SOURCES:
  ASFoundation:
    :path: Foundation

SPEC CHECKSUMS:
  Alamofire: c7287b6e5d7da964a70935e5db17046b7fde6568
  ASDebugger: 78c06b092136b1e3c8db6d2ec8fefe45b31e0013
  ASFoundation: 52b129bbacd1c55efc16e975513f1b2d0bac6229
  ReachabilitySwift: 408477d1b6ed9779dba301953171e017c31241f3
  SDWebImage: 624d6e296c69b244bcede364c72ae0430ac14681
  SkeletonView: 60d6ce7edb0cb4c7758db33c74add50392b3c475
  SocketRocket: d57c7159b83c3c6655745cd15302aa24b6bae531
  SwiftInstagram: 1579fd6ffb294de557bc47deddbe719fde6e2058

PODFILE CHECKSUM: a72eddb9293266ad075fa2e772ee2ba42006d036

COCOAPODS: 1.6.1
