PODS:
  - AFNetworking (3.2.1):
    - AFNetworking/NSURLSession (= 3.2.1)
    - AFNetworking/Reachability (= 3.2.1)
    - AFNetworking/Security (= 3.2.1)
    - AFNetworking/Serialization (= 3.2.1)
    - AFNetworking/UIKit (= 3.2.1)
  - AFNetworking/NSURLSession (3.2.1):
    - AFNetworking/Reachability
    - AFNetworking/Security
    - AFNetworking/Serialization
  - AFNetworking/Reachability (3.2.1)
  - AFNetworking/Security (3.2.1)
  - AFNetworking/Serialization (3.2.1)
  - AFNetworking/UIKit (3.2.1):
    - AFNetworking/NSURLSession
  - Alamofire (4.7.3)
  - ASDebugger (0.0.8):
    - ASDebugger/Core (= 0.0.8)
    - SocketRocket (~> 0.5.1)
  - ASDebugger/Core (0.0.8):
    - SocketRocket (~> 0.5.1)
  - PinterestSDK (1.0.2):
    - AFNetworking (~> 3.0)
    - SSKeychain
  - SDWebImage (4.4.2):
    - SDWebImage/Core (= 4.4.2)
  - SDWebImage/Core (4.4.2)
  - SkeletonView (1.4.1)
  - SocketRocket (0.5.1)
  - SSKeychain (1.4.1)
  - SwiftInstagram (1.1.2):
    - SwiftInstagram/Core (= 1.1.2)
  - SwiftInstagram/Core (1.1.2)

DEPENDENCIES:
  - Alamofire (~> 4.7)
  - ASDebugger
  - PinterestSDK
  - SDWebImage (~> 4.4)
  - SkeletonView (~> 1.4.1)
  - SwiftInstagram (~> 1.1.2)

SPEC REPOS:
  https://github.com/cocoapods/specs.git:
    - AFNetworking
    - Alamofire
    - ASDebugger
    - PinterestSDK
    - SDWebImage
    - SkeletonView
    - SocketRocket
    - SSKeychain
    - SwiftInstagram

SPEC CHECKSUMS:
  AFNetworking: b6f891fdfaed196b46c7a83cf209e09697b94057
  Alamofire: c7287b6e5d7da964a70935e5db17046b7fde6568
  ASDebugger: 78c06b092136b1e3c8db6d2ec8fefe45b31e0013
  PinterestSDK: 6c6d92cc749e6520d1b6f1e75410c6fd1d05844c
  SDWebImage: 624d6e296c69b244bcede364c72ae0430ac14681
  SkeletonView: 60d6ce7edb0cb4c7758db33c74add50392b3c475
  SocketRocket: d57c7159b83c3c6655745cd15302aa24b6bae531
  SSKeychain: 55cc80f66f5c73da827e3077f02e43528897db41
  SwiftInstagram: 1579fd6ffb294de557bc47deddbe719fde6e2058

PODFILE CHECKSUM: 1dcfb73e27bdfc60a9b4b7fd4fdde6d46e333b9b

COCOAPODS: 1.5.3
