// !$*UTF8*$!
{
	archiveVersion = 1;
	classes = {
	};
	objectVersion = 50;
	objects = {

/* Begin PBXBuildFile section */
		15BCFBF65D6F13FADF1FE5B3 /* Pods_demoTests.framework in Frameworks */ = {isa = PBXBuildFile; fileRef = B861C2A4149D52DB70F1ED70 /* Pods_demoTests.framework */; };
		76F9C42371C3A711A2638C5B /* Pods_demo.framework in Frameworks */ = {isa = PBXBuildFile; fileRef = 573511D6483341B0C870CF73 /* Pods_demo.framework */; };
		95BE71D52216E53C00D6D70D /* GlobalStyle.swift in Sources */ = {isa = PBXBuildFile; fileRef = 95BE71D42216E53C00D6D70D /* GlobalStyle.swift */; };
		95BE71D72216E58700D6D70D /* Style.swift in Sources */ = {isa = PBXBuildFile; fileRef = 95BE71D62216E58700D6D70D /* Style.swift */; };
		95BE71D92217C1F900D6D70D /* Lock.swift in Sources */ = {isa = PBXBuildFile; fileRef = 95BE71D82217C1F900D6D70D /* Lock.swift */; };
		95F0AFBE2207320100FF91DD /* AppDelegate.swift in Sources */ = {isa = PBXBuildFile; fileRef = 95F0AFBD2207320100FF91DD /* AppDelegate.swift */; };
		95F0AFC02207320100FF91DD /* HomeViewController.swift in Sources */ = {isa = PBXBuildFile; fileRef = 95F0AFBF2207320100FF91DD /* HomeViewController.swift */; };
		95F0AFC52207320300FF91DD /* Assets.xcassets in Resources */ = {isa = PBXBuildFile; fileRef = 95F0AFC42207320300FF91DD /* Assets.xcassets */; };
		95F0AFD32207320300FF91DD /* MyRecentMediaTests.swift in Sources */ = {isa = PBXBuildFile; fileRef = 95F0AFD22207320300FF91DD /* MyRecentMediaTests.swift */; };
		95F0AFE62207406800FF91DD /* Router.swift in Sources */ = {isa = PBXBuildFile; fileRef = 95F0AFE52207406800FF91DD /* Router.swift */; };
		95F0AFE82207409A00FF91DD /* Error.swift in Sources */ = {isa = PBXBuildFile; fileRef = 95F0AFE72207409A00FF91DD /* Error.swift */; };
		95F0AFEC2207437F00FF91DD /* InstagramAPI.swift in Sources */ = {isa = PBXBuildFile; fileRef = 95F0AFEB2207437E00FF91DD /* InstagramAPI.swift */; };
		95F0AFEE220743C400FF91DD /* InstagramClient.swift in Sources */ = {isa = PBXBuildFile; fileRef = 95F0AFED220743C400FF91DD /* InstagramClient.swift */; };
		95F0AFF0220743EB00FF91DD /* InstagramCredentials.swift in Sources */ = {isa = PBXBuildFile; fileRef = 95F0AFEF220743EB00FF91DD /* InstagramCredentials.swift */; };
		95F0AFF42207462500FF91DD /* DataProvider.swift in Sources */ = {isa = PBXBuildFile; fileRef = 95F0AFF32207462500FF91DD /* DataProvider.swift */; };
		95F0AFF62207463F00FF91DD /* APIClient.swift in Sources */ = {isa = PBXBuildFile; fileRef = 95F0AFF52207463F00FF91DD /* APIClient.swift */; };
		95F0AFFB2207E35E00FF91DD /* String+Extenstion.swift in Sources */ = {isa = PBXBuildFile; fileRef = 95F0AFFA2207E35E00FF91DD /* String+Extenstion.swift */; };
		95F0B000220832D100FF91DD /* BaseViewProvider.swift in Sources */ = {isa = PBXBuildFile; fileRef = 95F0AFFF220832D100FF91DD /* BaseViewProvider.swift */; };
		95F0B0022208355900FF91DD /* AuthViewController.swift in Sources */ = {isa = PBXBuildFile; fileRef = 95F0B0012208355900FF91DD /* AuthViewController.swift */; };
		95F0B0042208392F00FF91DD /* AuthLogicController.swift in Sources */ = {isa = PBXBuildFile; fileRef = 95F0B0032208392F00FF91DD /* AuthLogicController.swift */; };
		95F0B0062208421300FF91DD /* Optional+Extenstion.swift in Sources */ = {isa = PBXBuildFile; fileRef = 95F0B0052208421300FF91DD /* Optional+Extenstion.swift */; };
		95F0B0092208659A00FF91DD /* MediaCell.swift in Sources */ = {isa = PBXBuildFile; fileRef = 95F0B0082208659A00FF91DD /* MediaCell.swift */; };
		95F0B00B220867AA00FF91DD /* HomeLogicController.swift in Sources */ = {isa = PBXBuildFile; fileRef = 95F0B00A220867AA00FF91DD /* HomeLogicController.swift */; };
		95F0B00D220895C500FF91DD /* BaseTableViewProvider.swift in Sources */ = {isa = PBXBuildFile; fileRef = 95F0B00C220895C500FF91DD /* BaseTableViewProvider.swift */; };
		95F0B0102209D79700FF91DD /* MediaViewModel.swift in Sources */ = {isa = PBXBuildFile; fileRef = 95F0B00F2209D79700FF91DD /* MediaViewModel.swift */; };
		95F0B0122209DA6B00FF91DD /* Media.swift in Sources */ = {isa = PBXBuildFile; fileRef = 95F0B0112209DA6B00FF91DD /* Media.swift */; };
		95F0B016220E817200FF91DD /* BaseLogicController.swift in Sources */ = {isa = PBXBuildFile; fileRef = 95F0B015220E817200FF91DD /* BaseLogicController.swift */; };
		95F0B01A220EFAAD00FF91DD /* MyRecentMedia.json in Resources */ = {isa = PBXBuildFile; fileRef = 95F0B019220EFAAD00FF91DD /* MyRecentMedia.json */; };
/* End PBXBuildFile section */

/* Begin PBXContainerItemProxy section */
		95F0AFCF2207320300FF91DD /* PBXContainerItemProxy */ = {
			isa = PBXContainerItemProxy;
			containerPortal = 95F0AFB22207320100FF91DD /* Project object */;
			proxyType = 1;
			remoteGlobalIDString = 95F0AFB92207320100FF91DD;
			remoteInfo = demo;
		};
/* End PBXContainerItemProxy section */

/* Begin PBXFileReference section */
		22D2D8C3EB47D45D51FF38E1 /* Pods-demoTests.release.xcconfig */ = {isa = PBXFileReference; includeInIndex = 1; lastKnownFileType = text.xcconfig; name = "Pods-demoTests.release.xcconfig"; path = "Pods/Target Support Files/Pods-demoTests/Pods-demoTests.release.xcconfig"; sourceTree = "<group>"; };
		357146AFC487D7E15609FE93 /* Pods-demo.debug.xcconfig */ = {isa = PBXFileReference; includeInIndex = 1; lastKnownFileType = text.xcconfig; name = "Pods-demo.debug.xcconfig"; path = "Pods/Target Support Files/Pods-demo/Pods-demo.debug.xcconfig"; sourceTree = "<group>"; };
		56FC66BADD03803CDD299B0A /* Pods-demo.release.xcconfig */ = {isa = PBXFileReference; includeInIndex = 1; lastKnownFileType = text.xcconfig; name = "Pods-demo.release.xcconfig"; path = "Pods/Target Support Files/Pods-demo/Pods-demo.release.xcconfig"; sourceTree = "<group>"; };
		573511D6483341B0C870CF73 /* Pods_demo.framework */ = {isa = PBXFileReference; explicitFileType = wrapper.framework; includeInIndex = 0; path = Pods_demo.framework; sourceTree = BUILT_PRODUCTS_DIR; };
		95BE71D42216E53C00D6D70D /* GlobalStyle.swift */ = {isa = PBXFileReference; lastKnownFileType = sourcecode.swift; path = GlobalStyle.swift; sourceTree = "<group>"; };
		95BE71D62216E58700D6D70D /* Style.swift */ = {isa = PBXFileReference; lastKnownFileType = sourcecode.swift; path = Style.swift; sourceTree = "<group>"; };
		95BE71D82217C1F900D6D70D /* Lock.swift */ = {isa = PBXFileReference; lastKnownFileType = sourcecode.swift; path = Lock.swift; sourceTree = "<group>"; };
		95F0AFBA2207320100FF91DD /* demo.app */ = {isa = PBXFileReference; explicitFileType = wrapper.application; includeInIndex = 0; path = demo.app; sourceTree = BUILT_PRODUCTS_DIR; };
		95F0AFBD2207320100FF91DD /* AppDelegate.swift */ = {isa = PBXFileReference; lastKnownFileType = sourcecode.swift; path = AppDelegate.swift; sourceTree = "<group>"; };
		95F0AFBF2207320100FF91DD /* HomeViewController.swift */ = {isa = PBXFileReference; lastKnownFileType = sourcecode.swift; path = HomeViewController.swift; sourceTree = "<group>"; };
		95F0AFC42207320300FF91DD /* Assets.xcassets */ = {isa = PBXFileReference; lastKnownFileType = folder.assetcatalog; path = Assets.xcassets; sourceTree = "<group>"; };
		95F0AFC92207320300FF91DD /* Info.plist */ = {isa = PBXFileReference; lastKnownFileType = text.plist.xml; path = Info.plist; sourceTree = "<group>"; };
		95F0AFCE2207320300FF91DD /* demoTests.xctest */ = {isa = PBXFileReference; explicitFileType = wrapper.cfbundle; includeInIndex = 0; path = demoTests.xctest; sourceTree = BUILT_PRODUCTS_DIR; };
		95F0AFD22207320300FF91DD /* MyRecentMediaTests.swift */ = {isa = PBXFileReference; lastKnownFileType = sourcecode.swift; path = MyRecentMediaTests.swift; sourceTree = "<group>"; };
		95F0AFD42207320300FF91DD /* Info.plist */ = {isa = PBXFileReference; lastKnownFileType = text.plist.xml; path = Info.plist; sourceTree = "<group>"; };
		95F0AFE52207406800FF91DD /* Router.swift */ = {isa = PBXFileReference; lastKnownFileType = sourcecode.swift; path = Router.swift; sourceTree = "<group>"; };
		95F0AFE72207409A00FF91DD /* Error.swift */ = {isa = PBXFileReference; lastKnownFileType = sourcecode.swift; path = Error.swift; sourceTree = "<group>"; };
		95F0AFEB2207437E00FF91DD /* InstagramAPI.swift */ = {isa = PBXFileReference; lastKnownFileType = sourcecode.swift; path = InstagramAPI.swift; sourceTree = "<group>"; };
		95F0AFED220743C400FF91DD /* InstagramClient.swift */ = {isa = PBXFileReference; lastKnownFileType = sourcecode.swift; path = InstagramClient.swift; sourceTree = "<group>"; };
		95F0AFEF220743EB00FF91DD /* InstagramCredentials.swift */ = {isa = PBXFileReference; lastKnownFileType = sourcecode.swift; path = InstagramCredentials.swift; sourceTree = "<group>"; };
		95F0AFF12207444D00FF91DD /* Readme.md */ = {isa = PBXFileReference; lastKnownFileType = net.daringfireball.markdown; path = Readme.md; sourceTree = "<group>"; };
		95F0AFF32207462500FF91DD /* DataProvider.swift */ = {isa = PBXFileReference; lastKnownFileType = sourcecode.swift; path = DataProvider.swift; sourceTree = "<group>"; };
		95F0AFF52207463F00FF91DD /* APIClient.swift */ = {isa = PBXFileReference; lastKnownFileType = sourcecode.swift; path = APIClient.swift; sourceTree = "<group>"; };
		95F0AFFA2207E35E00FF91DD /* String+Extenstion.swift */ = {isa = PBXFileReference; lastKnownFileType = sourcecode.swift; path = "String+Extenstion.swift"; sourceTree = "<group>"; };
		95F0AFFF220832D100FF91DD /* BaseViewProvider.swift */ = {isa = PBXFileReference; lastKnownFileType = sourcecode.swift; path = BaseViewProvider.swift; sourceTree = "<group>"; };
		95F0B0012208355900FF91DD /* AuthViewController.swift */ = {isa = PBXFileReference; lastKnownFileType = sourcecode.swift; path = AuthViewController.swift; sourceTree = "<group>"; };
		95F0B0032208392F00FF91DD /* AuthLogicController.swift */ = {isa = PBXFileReference; lastKnownFileType = sourcecode.swift; path = AuthLogicController.swift; sourceTree = "<group>"; };
		95F0B0052208421300FF91DD /* Optional+Extenstion.swift */ = {isa = PBXFileReference; lastKnownFileType = sourcecode.swift; path = "Optional+Extenstion.swift"; sourceTree = "<group>"; };
		95F0B0072208596D00FF91DD /* TestPlayground.playground */ = {isa = PBXFileReference; lastKnownFileType = file.playground; path = TestPlayground.playground; sourceTree = "<group>"; xcLanguageSpecificationIdentifier = xcode.lang.swift; };
		95F0B0082208659A00FF91DD /* MediaCell.swift */ = {isa = PBXFileReference; lastKnownFileType = sourcecode.swift; path = MediaCell.swift; sourceTree = "<group>"; };
		95F0B00A220867AA00FF91DD /* HomeLogicController.swift */ = {isa = PBXFileReference; lastKnownFileType = sourcecode.swift; path = HomeLogicController.swift; sourceTree = "<group>"; };
		95F0B00C220895C500FF91DD /* BaseTableViewProvider.swift */ = {isa = PBXFileReference; lastKnownFileType = sourcecode.swift; path = BaseTableViewProvider.swift; sourceTree = "<group>"; };
		95F0B00F2209D79700FF91DD /* MediaViewModel.swift */ = {isa = PBXFileReference; lastKnownFileType = sourcecode.swift; path = MediaViewModel.swift; sourceTree = "<group>"; };
		95F0B0112209DA6B00FF91DD /* Media.swift */ = {isa = PBXFileReference; lastKnownFileType = sourcecode.swift; path = Media.swift; sourceTree = "<group>"; };
		95F0B015220E817200FF91DD /* BaseLogicController.swift */ = {isa = PBXFileReference; lastKnownFileType = sourcecode.swift; path = BaseLogicController.swift; sourceTree = "<group>"; };
		95F0B019220EFAAD00FF91DD /* MyRecentMedia.json */ = {isa = PBXFileReference; lastKnownFileType = text.json; path = MyRecentMedia.json; sourceTree = "<group>"; };
		A280E1054BA112CF49E62913 /* Pods-demoTests.debug.xcconfig */ = {isa = PBXFileReference; includeInIndex = 1; lastKnownFileType = text.xcconfig; name = "Pods-demoTests.debug.xcconfig"; path = "Pods/Target Support Files/Pods-demoTests/Pods-demoTests.debug.xcconfig"; sourceTree = "<group>"; };
		B861C2A4149D52DB70F1ED70 /* Pods_demoTests.framework */ = {isa = PBXFileReference; explicitFileType = wrapper.framework; includeInIndex = 0; path = Pods_demoTests.framework; sourceTree = BUILT_PRODUCTS_DIR; };
/* End PBXFileReference section */

/* Begin PBXFrameworksBuildPhase section */
		95F0AFB72207320100FF91DD /* Frameworks */ = {
			isa = PBXFrameworksBuildPhase;
			buildActionMask = 2147483647;
			files = (
				76F9C42371C3A711A2638C5B /* Pods_demo.framework in Frameworks */,
			);
			runOnlyForDeploymentPostprocessing = 0;
		};
		95F0AFCB2207320300FF91DD /* Frameworks */ = {
			isa = PBXFrameworksBuildPhase;
			buildActionMask = 2147483647;
			files = (
				15BCFBF65D6F13FADF1FE5B3 /* Pods_demoTests.framework in Frameworks */,
			);
			runOnlyForDeploymentPostprocessing = 0;
		};
/* End PBXFrameworksBuildPhase section */

/* Begin PBXGroup section */
		95F0AFB12207320100FF91DD = {
			isa = PBXGroup;
			children = (
				95F0AFF12207444D00FF91DD /* Readme.md */,
				95F0AFBC2207320100FF91DD /* demo */,
				95F0B0072208596D00FF91DD /* TestPlayground.playground */,
				95F0AFD12207320300FF91DD /* demoTests */,
				95F0AFBB2207320100FF91DD /* Products */,
				FEC3DF8DFF27FBDFF5EAD623 /* Pods */,
				BFD3F78595CD43731388320F /* Frameworks */,
			);
			sourceTree = "<group>";
		};
		95F0AFBB2207320100FF91DD /* Products */ = {
			isa = PBXGroup;
			children = (
				95F0AFBA2207320100FF91DD /* demo.app */,
				95F0AFCE2207320300FF91DD /* demoTests.xctest */,
			);
			name = Products;
			sourceTree = "<group>";
		};
		95F0AFBC2207320100FF91DD /* demo */ = {
			isa = PBXGroup;
			children = (
				95F0AFE12207405500FF91DD /* Bunsiness */,
				95F0AFDD2207405500FF91DD /* Foundation */,
				95F0AFBD2207320100FF91DD /* AppDelegate.swift */,
				95F0AFC42207320300FF91DD /* Assets.xcassets */,
				95F0AFC92207320300FF91DD /* Info.plist */,
			);
			path = demo;
			sourceTree = "<group>";
		};
		95F0AFD12207320300FF91DD /* demoTests */ = {
			isa = PBXGroup;
			children = (
				95F0B018220EFA5C00FF91DD /* Mocks */,
				95F0B017220EF8DC00FF91DD /* Bunsiness */,
				95F0AFD42207320300FF91DD /* Info.plist */,
			);
			path = demoTests;
			sourceTree = "<group>";
		};
		95F0AFDD2207405500FF91DD /* Foundation */ = {
			isa = PBXGroup;
			children = (
				95F0AFE9220742E700FF91DD /* DataProvider */,
				95F0AFDE2207405500FF91DD /* ViewBase */,
				95F0AFDF2207405500FF91DD /* Helper(Extension) */,
				95F0AFE02207405500FF91DD /* Animation */,
				95F0AFE52207406800FF91DD /* Router.swift */,
				95F0AFE72207409A00FF91DD /* Error.swift */,
				95BE71D62216E58700D6D70D /* Style.swift */,
			);
			path = Foundation;
			sourceTree = "<group>";
		};
		95F0AFDE2207405500FF91DD /* ViewBase */ = {
			isa = PBXGroup;
			children = (
				95F0AFFF220832D100FF91DD /* BaseViewProvider.swift */,
				95F0B00C220895C500FF91DD /* BaseTableViewProvider.swift */,
			);
			path = ViewBase;
			sourceTree = "<group>";
		};
		95F0AFDF2207405500FF91DD /* Helper(Extension) */ = {
			isa = PBXGroup;
			children = (
				95F0AFFA2207E35E00FF91DD /* String+Extenstion.swift */,
				95F0B0052208421300FF91DD /* Optional+Extenstion.swift */,
				95BE71D82217C1F900D6D70D /* Lock.swift */,
			);
			path = "Helper(Extension)";
			sourceTree = "<group>";
		};
		95F0AFE02207405500FF91DD /* Animation */ = {
			isa = PBXGroup;
			children = (
			);
			path = Animation;
			sourceTree = "<group>";
		};
		95F0AFE12207405500FF91DD /* Bunsiness */ = {
			isa = PBXGroup;
			children = (
				95F0AFF7220746F900FF91DD /* Appearance */,
				95F0AFEA2207434B00FF91DD /* Networking */,
				95F0AFE22207405500FF91DD /* Entity */,
				95F0AFE32207405500FF91DD /* Views(Controllers) */,
				95F0AFE42207405500FF91DD /* Model */,
			);
			path = Bunsiness;
			sourceTree = "<group>";
		};
		95F0AFE22207405500FF91DD /* Entity */ = {
			isa = PBXGroup;
			children = (
			);
			path = Entity;
			sourceTree = "<group>";
		};
		95F0AFE32207405500FF91DD /* Views(Controllers) */ = {
			isa = PBXGroup;
			children = (
				95F0AFF92207478900FF91DD /* Controllers */,
				95F0AFF82207475300FF91DD /* Component(Cell) */,
			);
			path = "Views(Controllers)";
			sourceTree = "<group>";
		};
		95F0AFE42207405500FF91DD /* Model */ = {
			isa = PBXGroup;
			children = (
				95F0B0112209DA6B00FF91DD /* Media.swift */,
			);
			path = Model;
			sourceTree = "<group>";
		};
		95F0AFE9220742E700FF91DD /* DataProvider */ = {
			isa = PBXGroup;
			children = (
				95F0AFF32207462500FF91DD /* DataProvider.swift */,
				95F0AFF52207463F00FF91DD /* APIClient.swift */,
			);
			path = DataProvider;
			sourceTree = "<group>";
		};
		95F0AFEA2207434B00FF91DD /* Networking */ = {
			isa = PBXGroup;
			children = (
				95F0AFEB2207437E00FF91DD /* InstagramAPI.swift */,
				95F0AFED220743C400FF91DD /* InstagramClient.swift */,
				95F0AFEF220743EB00FF91DD /* InstagramCredentials.swift */,
			);
			path = Networking;
			sourceTree = "<group>";
		};
		95F0AFF7220746F900FF91DD /* Appearance */ = {
			isa = PBXGroup;
			children = (
				95BE71D42216E53C00D6D70D /* GlobalStyle.swift */,
			);
			path = Appearance;
			sourceTree = "<group>";
		};
		95F0AFF82207475300FF91DD /* Component(Cell) */ = {
			isa = PBXGroup;
			children = (
				95F0B00E2209D77C00FF91DD /* ViewModel */,
				95F0B0082208659A00FF91DD /* MediaCell.swift */,
			);
			path = "Component(Cell)";
			sourceTree = "<group>";
		};
		95F0AFF92207478900FF91DD /* Controllers */ = {
			isa = PBXGroup;
			children = (
				95F0AFFE2208323900FF91DD /* Logic */,
				95F0AFBF2207320100FF91DD /* HomeViewController.swift */,
				95F0B0012208355900FF91DD /* AuthViewController.swift */,
			);
			path = Controllers;
			sourceTree = "<group>";
		};
		95F0AFFE2208323900FF91DD /* Logic */ = {
			isa = PBXGroup;
			children = (
				95F0B015220E817200FF91DD /* BaseLogicController.swift */,
				95F0B0032208392F00FF91DD /* AuthLogicController.swift */,
				95F0B00A220867AA00FF91DD /* HomeLogicController.swift */,
			);
			path = Logic;
			sourceTree = "<group>";
		};
		95F0B00E2209D77C00FF91DD /* ViewModel */ = {
			isa = PBXGroup;
			children = (
				95F0B00F2209D79700FF91DD /* MediaViewModel.swift */,
			);
			path = ViewModel;
			sourceTree = "<group>";
		};
		95F0B017220EF8DC00FF91DD /* Bunsiness */ = {
			isa = PBXGroup;
			children = (
				95F0AFD22207320300FF91DD /* MyRecentMediaTests.swift */,
			);
			path = Bunsiness;
			sourceTree = "<group>";
		};
		95F0B018220EFA5C00FF91DD /* Mocks */ = {
			isa = PBXGroup;
			children = (
				95F0B019220EFAAD00FF91DD /* MyRecentMedia.json */,
			);
			path = Mocks;
			sourceTree = "<group>";
		};
		BFD3F78595CD43731388320F /* Frameworks */ = {
			isa = PBXGroup;
			children = (
				573511D6483341B0C870CF73 /* Pods_demo.framework */,
				B861C2A4149D52DB70F1ED70 /* Pods_demoTests.framework */,
			);
			name = Frameworks;
			sourceTree = "<group>";
		};
		FEC3DF8DFF27FBDFF5EAD623 /* Pods */ = {
			isa = PBXGroup;
			children = (
				357146AFC487D7E15609FE93 /* Pods-demo.debug.xcconfig */,
				56FC66BADD03803CDD299B0A /* Pods-demo.release.xcconfig */,
				A280E1054BA112CF49E62913 /* Pods-demoTests.debug.xcconfig */,
				22D2D8C3EB47D45D51FF38E1 /* Pods-demoTests.release.xcconfig */,
			);
			name = Pods;
			sourceTree = "<group>";
		};
/* End PBXGroup section */

/* Begin PBXNativeTarget section */
		95F0AFB92207320100FF91DD /* demo */ = {
			isa = PBXNativeTarget;
			buildConfigurationList = 95F0AFD72207320300FF91DD /* Build configuration list for PBXNativeTarget "demo" */;
			buildPhases = (
				5F7C291001828AE9D20E37B6 /* [CP] Check Pods Manifest.lock */,
				95F0AFB62207320100FF91DD /* Sources */,
				95F0AFB72207320100FF91DD /* Frameworks */,
				95F0AFB82207320100FF91DD /* Resources */,
				1BA30F0C5B782B32EF6CBBDB /* [CP] Embed Pods Frameworks */,
			);
			buildRules = (
			);
			dependencies = (
			);
			name = demo;
			productName = demo;
			productReference = 95F0AFBA2207320100FF91DD /* demo.app */;
			productType = "com.apple.product-type.application";
		};
		95F0AFCD2207320300FF91DD /* demoTests */ = {
			isa = PBXNativeTarget;
			buildConfigurationList = 95F0AFDA2207320300FF91DD /* Build configuration list for PBXNativeTarget "demoTests" */;
			buildPhases = (
				AEB9A0B87E3B8C941C3C8BE1 /* [CP] Check Pods Manifest.lock */,
				95F0AFCA2207320300FF91DD /* Sources */,
				95F0AFCB2207320300FF91DD /* Frameworks */,
				95F0AFCC2207320300FF91DD /* Resources */,
			);
			buildRules = (
			);
			dependencies = (
				95F0AFD02207320300FF91DD /* PBXTargetDependency */,
			);
			name = demoTests;
			productName = demoTests;
			productReference = 95F0AFCE2207320300FF91DD /* demoTests.xctest */;
			productType = "com.apple.product-type.bundle.unit-test";
		};
/* End PBXNativeTarget section */

/* Begin PBXProject section */
		95F0AFB22207320100FF91DD /* Project object */ = {
			isa = PBXProject;
			attributes = {
				LastSwiftUpdateCheck = 1010;
				LastUpgradeCheck = 1010;
				ORGANIZATIONNAME = Jesse;
				TargetAttributes = {
					95F0AFB92207320100FF91DD = {
						CreatedOnToolsVersion = 10.1;
					};
					95F0AFCD2207320300FF91DD = {
						CreatedOnToolsVersion = 10.1;
						TestTargetID = 95F0AFB92207320100FF91DD;
					};
				};
			};
			buildConfigurationList = 95F0AFB52207320100FF91DD /* Build configuration list for PBXProject "demo" */;
			compatibilityVersion = "Xcode 9.3";
			developmentRegion = en;
			hasScannedForEncodings = 0;
			knownRegions = (
				en,
				Base,
			);
			mainGroup = 95F0AFB12207320100FF91DD;
			productRefGroup = 95F0AFBB2207320100FF91DD /* Products */;
			projectDirPath = "";
			projectRoot = "";
			targets = (
				95F0AFB92207320100FF91DD /* demo */,
				95F0AFCD2207320300FF91DD /* demoTests */,
			);
		};
/* End PBXProject section */

/* Begin PBXResourcesBuildPhase section */
		95F0AFB82207320100FF91DD /* Resources */ = {
			isa = PBXResourcesBuildPhase;
			buildActionMask = 2147483647;
			files = (
				95F0AFC52207320300FF91DD /* Assets.xcassets in Resources */,
			);
			runOnlyForDeploymentPostprocessing = 0;
		};
		95F0AFCC2207320300FF91DD /* Resources */ = {
			isa = PBXResourcesBuildPhase;
			buildActionMask = 2147483647;
			files = (
				95F0B01A220EFAAD00FF91DD /* MyRecentMedia.json in Resources */,
			);
			runOnlyForDeploymentPostprocessing = 0;
		};
/* End PBXResourcesBuildPhase section */

/* Begin PBXShellScriptBuildPhase section */
		1BA30F0C5B782B32EF6CBBDB /* [CP] Embed Pods Frameworks */ = {
			isa = PBXShellScriptBuildPhase;
			buildActionMask = 2147483647;
			files = (
			);
			inputPaths = (
				"${SRCROOT}/Pods/Target Support Files/Pods-demo/Pods-demo-frameworks.sh",
				"${BUILT_PRODUCTS_DIR}/ASDebugger/ASDebugger.framework",
				"${BUILT_PRODUCTS_DIR}/Alamofire/Alamofire.framework",
				"${BUILT_PRODUCTS_DIR}/SDWebImage/SDWebImage.framework",
				"${BUILT_PRODUCTS_DIR}/SkeletonView/SkeletonView.framework",
				"${BUILT_PRODUCTS_DIR}/SocketRocket/SocketRocket.framework",
				"${BUILT_PRODUCTS_DIR}/SwiftInstagram/SwiftInstagram.framework",
			);
			name = "[CP] Embed Pods Frameworks";
			outputPaths = (
				"${TARGET_BUILD_DIR}/${FRAMEWORKS_FOLDER_PATH}/ASDebugger.framework",
				"${TARGET_BUILD_DIR}/${FRAMEWORKS_FOLDER_PATH}/Alamofire.framework",
				"${TARGET_BUILD_DIR}/${FRAMEWORKS_FOLDER_PATH}/SDWebImage.framework",
				"${TARGET_BUILD_DIR}/${FRAMEWORKS_FOLDER_PATH}/SkeletonView.framework",
				"${TARGET_BUILD_DIR}/${FRAMEWORKS_FOLDER_PATH}/SocketRocket.framework",
				"${TARGET_BUILD_DIR}/${FRAMEWORKS_FOLDER_PATH}/SwiftInstagram.framework",
			);
			runOnlyForDeploymentPostprocessing = 0;
			shellPath = /bin/sh;
			shellScript = "\"${SRCROOT}/Pods/Target Support Files/Pods-demo/Pods-demo-frameworks.sh\"\n";
			showEnvVarsInLog = 0;
		};
		5F7C291001828AE9D20E37B6 /* [CP] Check Pods Manifest.lock */ = {
			isa = PBXShellScriptBuildPhase;
			buildActionMask = 2147483647;
			files = (
			);
			inputPaths = (
				"${PODS_PODFILE_DIR_PATH}/Podfile.lock",
				"${PODS_ROOT}/Manifest.lock",
			);
			name = "[CP] Check Pods Manifest.lock";
			outputPaths = (
				"$(DERIVED_FILE_DIR)/Pods-demo-checkManifestLockResult.txt",
			);
			runOnlyForDeploymentPostprocessing = 0;
			shellPath = /bin/sh;
			shellScript = "diff \"${PODS_PODFILE_DIR_PATH}/Podfile.lock\" \"${PODS_ROOT}/Manifest.lock\" > /dev/null\nif [ $? != 0 ] ; then\n    # print error to STDERR\n    echo \"error: The sandbox is not in sync with the Podfile.lock. Run 'pod install' or update your CocoaPods installation.\" >&2\n    exit 1\nfi\n# This output is used by Xcode 'outputs' to avoid re-running this script phase.\necho \"SUCCESS\" > \"${SCRIPT_OUTPUT_FILE_0}\"\n";
			showEnvVarsInLog = 0;
		};
		AEB9A0B87E3B8C941C3C8BE1 /* [CP] Check Pods Manifest.lock */ = {
			isa = PBXShellScriptBuildPhase;
			buildActionMask = 2147483647;
			files = (
			);
			inputPaths = (
				"${PODS_PODFILE_DIR_PATH}/Podfile.lock",
				"${PODS_ROOT}/Manifest.lock",
			);
			name = "[CP] Check Pods Manifest.lock";
			outputPaths = (
				"$(DERIVED_FILE_DIR)/Pods-demoTests-checkManifestLockResult.txt",
			);
			runOnlyForDeploymentPostprocessing = 0;
			shellPath = /bin/sh;
			shellScript = "diff \"${PODS_PODFILE_DIR_PATH}/Podfile.lock\" \"${PODS_ROOT}/Manifest.lock\" > /dev/null\nif [ $? != 0 ] ; then\n    # print error to STDERR\n    echo \"error: The sandbox is not in sync with the Podfile.lock. Run 'pod install' or update your CocoaPods installation.\" >&2\n    exit 1\nfi\n# This output is used by Xcode 'outputs' to avoid re-running this script phase.\necho \"SUCCESS\" > \"${SCRIPT_OUTPUT_FILE_0}\"\n";
			showEnvVarsInLog = 0;
		};
/* End PBXShellScriptBuildPhase section */

/* Begin PBXSourcesBuildPhase section */
		95F0AFB62207320100FF91DD /* Sources */ = {
			isa = PBXSourcesBuildPhase;
			buildActionMask = 2147483647;
			files = (
				95F0B0122209DA6B00FF91DD /* Media.swift in Sources */,
				95F0AFE82207409A00FF91DD /* Error.swift in Sources */,
				95F0AFEC2207437F00FF91DD /* InstagramAPI.swift in Sources */,
				95F0B00D220895C500FF91DD /* BaseTableViewProvider.swift in Sources */,
				95F0B0092208659A00FF91DD /* MediaCell.swift in Sources */,
				95F0B000220832D100FF91DD /* BaseViewProvider.swift in Sources */,
				95F0B0042208392F00FF91DD /* AuthLogicController.swift in Sources */,
				95F0AFF42207462500FF91DD /* DataProvider.swift in Sources */,
				95F0B0022208355900FF91DD /* AuthViewController.swift in Sources */,
				95BE71D52216E53C00D6D70D /* GlobalStyle.swift in Sources */,
				95F0B0062208421300FF91DD /* Optional+Extenstion.swift in Sources */,
				95F0AFC02207320100FF91DD /* HomeViewController.swift in Sources */,
				95F0B0102209D79700FF91DD /* MediaViewModel.swift in Sources */,
				95F0AFE62207406800FF91DD /* Router.swift in Sources */,
				95BE71D92217C1F900D6D70D /* Lock.swift in Sources */,
				95F0B016220E817200FF91DD /* BaseLogicController.swift in Sources */,
				95F0AFBE2207320100FF91DD /* AppDelegate.swift in Sources */,
				95F0AFF0220743EB00FF91DD /* InstagramCredentials.swift in Sources */,
				95F0AFFB2207E35E00FF91DD /* String+Extenstion.swift in Sources */,
				95F0AFEE220743C400FF91DD /* InstagramClient.swift in Sources */,
				95F0AFF62207463F00FF91DD /* APIClient.swift in Sources */,
				95F0B00B220867AA00FF91DD /* HomeLogicController.swift in Sources */,
				95BE71D72216E58700D6D70D /* Style.swift in Sources */,
			);
			runOnlyForDeploymentPostprocessing = 0;
		};
		95F0AFCA2207320300FF91DD /* Sources */ = {
			isa = PBXSourcesBuildPhase;
			buildActionMask = 2147483647;
			files = (
				95F0AFD32207320300FF91DD /* MyRecentMediaTests.swift in Sources */,
			);
			runOnlyForDeploymentPostprocessing = 0;
		};
/* End PBXSourcesBuildPhase section */

/* Begin PBXTargetDependency section */
		95F0AFD02207320300FF91DD /* PBXTargetDependency */ = {
			isa = PBXTargetDependency;
			target = 95F0AFB92207320100FF91DD /* demo */;
			targetProxy = 95F0AFCF2207320300FF91DD /* PBXContainerItemProxy */;
		};
/* End PBXTargetDependency section */

/* Begin XCBuildConfiguration section */
		95F0AFD52207320300FF91DD /* Debug */ = {
			isa = XCBuildConfiguration;
			buildSettings = {
				ALWAYS_SEARCH_USER_PATHS = NO;
				CLANG_ANALYZER_NONNULL = YES;
				CLANG_ANALYZER_NUMBER_OBJECT_CONVERSION = YES_AGGRESSIVE;
				CLANG_CXX_LANGUAGE_STANDARD = "gnu++14";
				CLANG_CXX_LIBRARY = "libc++";
				CLANG_ENABLE_MODULES = YES;
				CLANG_ENABLE_OBJC_ARC = YES;
				CLANG_ENABLE_OBJC_WEAK = YES;
				CLANG_WARN_BLOCK_CAPTURE_AUTORELEASING = YES;
				CLANG_WARN_BOOL_CONVERSION = YES;
				CLANG_WARN_COMMA = YES;
				CLANG_WARN_CONSTANT_CONVERSION = YES;
				CLANG_WARN_DEPRECATED_OBJC_IMPLEMENTATIONS = YES;
				CLANG_WARN_DIRECT_OBJC_ISA_USAGE = YES_ERROR;
				CLANG_WARN_DOCUMENTATION_COMMENTS = YES;
				CLANG_WARN_EMPTY_BODY = YES;
				CLANG_WARN_ENUM_CONVERSION = YES;
				CLANG_WARN_INFINITE_RECURSION = YES;
				CLANG_WARN_INT_CONVERSION = YES;
				CLANG_WARN_NON_LITERAL_NULL_CONVERSION = YES;
				CLANG_WARN_OBJC_IMPLICIT_RETAIN_SELF = YES;
				CLANG_WARN_OBJC_LITERAL_CONVERSION = YES;
				CLANG_WARN_OBJC_ROOT_CLASS = YES_ERROR;
				CLANG_WARN_RANGE_LOOP_ANALYSIS = YES;
				CLANG_WARN_STRICT_PROTOTYPES = YES;
				CLANG_WARN_SUSPICIOUS_MOVE = YES;
				CLANG_WARN_UNGUARDED_AVAILABILITY = YES_AGGRESSIVE;
				CLANG_WARN_UNREACHABLE_CODE = YES;
				CLANG_WARN__DUPLICATE_METHOD_MATCH = YES;
				CODE_SIGN_IDENTITY = "iPhone Developer";
				COPY_PHASE_STRIP = NO;
				DEBUG_INFORMATION_FORMAT = dwarf;
				ENABLE_STRICT_OBJC_MSGSEND = YES;
				ENABLE_TESTABILITY = YES;
				GCC_C_LANGUAGE_STANDARD = gnu11;
				GCC_DYNAMIC_NO_PIC = NO;
				GCC_NO_COMMON_BLOCKS = YES;
				GCC_OPTIMIZATION_LEVEL = 0;
				GCC_PREPROCESSOR_DEFINITIONS = (
					"DEBUG=1",
					"$(inherited)",
				);
				GCC_WARN_64_TO_32_BIT_CONVERSION = YES;
				GCC_WARN_ABOUT_RETURN_TYPE = YES_ERROR;
				GCC_WARN_UNDECLARED_SELECTOR = YES;
				GCC_WARN_UNINITIALIZED_AUTOS = YES_AGGRESSIVE;
				GCC_WARN_UNUSED_FUNCTION = YES;
				GCC_WARN_UNUSED_VARIABLE = YES;
				IPHONEOS_DEPLOYMENT_TARGET = 12.1;
				MTL_ENABLE_DEBUG_INFO = INCLUDE_SOURCE;
				MTL_FAST_MATH = YES;
				ONLY_ACTIVE_ARCH = YES;
				SDKROOT = iphoneos;
				SWIFT_ACTIVE_COMPILATION_CONDITIONS = DEBUG;
				SWIFT_OPTIMIZATION_LEVEL = "-Onone";
			};
			name = Debug;
		};
		95F0AFD62207320300FF91DD /* Release */ = {
			isa = XCBuildConfiguration;
			buildSettings = {
				ALWAYS_SEARCH_USER_PATHS = NO;
				CLANG_ANALYZER_NONNULL = YES;
				CLANG_ANALYZER_NUMBER_OBJECT_CONVERSION = YES_AGGRESSIVE;
				CLANG_CXX_LANGUAGE_STANDARD = "gnu++14";
				CLANG_CXX_LIBRARY = "libc++";
				CLANG_ENABLE_MODULES = YES;
				CLANG_ENABLE_OBJC_ARC = YES;
				CLANG_ENABLE_OBJC_WEAK = YES;
				CLANG_WARN_BLOCK_CAPTURE_AUTORELEASING = YES;
				CLANG_WARN_BOOL_CONVERSION = YES;
				CLANG_WARN_COMMA = YES;
				CLANG_WARN_CONSTANT_CONVERSION = YES;
				CLANG_WARN_DEPRECATED_OBJC_IMPLEMENTATIONS = YES;
				CLANG_WARN_DIRECT_OBJC_ISA_USAGE = YES_ERROR;
				CLANG_WARN_DOCUMENTATION_COMMENTS = YES;
				CLANG_WARN_EMPTY_BODY = YES;
				CLANG_WARN_ENUM_CONVERSION = YES;
				CLANG_WARN_INFINITE_RECURSION = YES;
				CLANG_WARN_INT_CONVERSION = YES;
				CLANG_WARN_NON_LITERAL_NULL_CONVERSION = YES;
				CLANG_WARN_OBJC_IMPLICIT_RETAIN_SELF = YES;
				CLANG_WARN_OBJC_LITERAL_CONVERSION = YES;
				CLANG_WARN_OBJC_ROOT_CLASS = YES_ERROR;
				CLANG_WARN_RANGE_LOOP_ANALYSIS = YES;
				CLANG_WARN_STRICT_PROTOTYPES = YES;
				CLANG_WARN_SUSPICIOUS_MOVE = YES;
				CLANG_WARN_UNGUARDED_AVAILABILITY = YES_AGGRESSIVE;
				CLANG_WARN_UNREACHABLE_CODE = YES;
				CLANG_WARN__DUPLICATE_METHOD_MATCH = YES;
				CODE_SIGN_IDENTITY = "iPhone Developer";
				COPY_PHASE_STRIP = NO;
				DEBUG_INFORMATION_FORMAT = "dwarf-with-dsym";
				ENABLE_NS_ASSERTIONS = NO;
				ENABLE_STRICT_OBJC_MSGSEND = YES;
				GCC_C_LANGUAGE_STANDARD = gnu11;
				GCC_NO_COMMON_BLOCKS = YES;
				GCC_WARN_64_TO_32_BIT_CONVERSION = YES;
				GCC_WARN_ABOUT_RETURN_TYPE = YES_ERROR;
				GCC_WARN_UNDECLARED_SELECTOR = YES;
				GCC_WARN_UNINITIALIZED_AUTOS = YES_AGGRESSIVE;
				GCC_WARN_UNUSED_FUNCTION = YES;
				GCC_WARN_UNUSED_VARIABLE = YES;
				IPHONEOS_DEPLOYMENT_TARGET = 12.1;
				MTL_ENABLE_DEBUG_INFO = NO;
				MTL_FAST_MATH = YES;
				SDKROOT = iphoneos;
				SWIFT_COMPILATION_MODE = wholemodule;
				SWIFT_OPTIMIZATION_LEVEL = "-O";
				VALIDATE_PRODUCT = YES;
			};
			name = Release;
		};
		95F0AFD82207320300FF91DD /* Debug */ = {
			isa = XCBuildConfiguration;
			baseConfigurationReference = 357146AFC487D7E15609FE93 /* Pods-demo.debug.xcconfig */;
			buildSettings = {
				ASSETCATALOG_COMPILER_APPICON_NAME = AppIcon;
				CODE_SIGN_STYLE = Automatic;
				INFOPLIST_FILE = demo/Info.plist;
				LD_RUNPATH_SEARCH_PATHS = (
					"$(inherited)",
					"@executable_path/Frameworks",
				);
				PRODUCT_BUNDLE_IDENTIFIER = com.ydio.demo;
				PRODUCT_NAME = "$(TARGET_NAME)";
				SWIFT_VERSION = 4.2;
				TARGETED_DEVICE_FAMILY = "1,2";
			};
			name = Debug;
		};
		95F0AFD92207320300FF91DD /* Release */ = {
			isa = XCBuildConfiguration;
			baseConfigurationReference = 56FC66BADD03803CDD299B0A /* Pods-demo.release.xcconfig */;
			buildSettings = {
				ASSETCATALOG_COMPILER_APPICON_NAME = AppIcon;
				CODE_SIGN_STYLE = Automatic;
				INFOPLIST_FILE = demo/Info.plist;
				LD_RUNPATH_SEARCH_PATHS = (
					"$(inherited)",
					"@executable_path/Frameworks",
				);
				PRODUCT_BUNDLE_IDENTIFIER = com.ydio.demo;
				PRODUCT_NAME = "$(TARGET_NAME)";
				SWIFT_VERSION = 4.2;
				TARGETED_DEVICE_FAMILY = "1,2";
			};
			name = Release;
		};
		95F0AFDB2207320300FF91DD /* Debug */ = {
			isa = XCBuildConfiguration;
			baseConfigurationReference = A280E1054BA112CF49E62913 /* Pods-demoTests.debug.xcconfig */;
			buildSettings = {
				ALWAYS_EMBED_SWIFT_STANDARD_LIBRARIES = YES;
				BUNDLE_LOADER = "$(TEST_HOST)";
				CODE_SIGN_STYLE = Automatic;
				INFOPLIST_FILE = demoTests/Info.plist;
				LD_RUNPATH_SEARCH_PATHS = (
					"$(inherited)",
					"@executable_path/Frameworks",
					"@loader_path/Frameworks",
				);
				PRODUCT_BUNDLE_IDENTIFIER = com.ydio.demoTests;
				PRODUCT_NAME = "$(TARGET_NAME)";
				SWIFT_VERSION = 4.2;
				TARGETED_DEVICE_FAMILY = "1,2";
				TEST_HOST = "$(BUILT_PRODUCTS_DIR)/demo.app/demo";
			};
			name = Debug;
		};
		95F0AFDC2207320300FF91DD /* Release */ = {
			isa = XCBuildConfiguration;
			baseConfigurationReference = 22D2D8C3EB47D45D51FF38E1 /* Pods-demoTests.release.xcconfig */;
			buildSettings = {
				ALWAYS_EMBED_SWIFT_STANDARD_LIBRARIES = YES;
				BUNDLE_LOADER = "$(TEST_HOST)";
				CODE_SIGN_STYLE = Automatic;
				INFOPLIST_FILE = demoTests/Info.plist;
				LD_RUNPATH_SEARCH_PATHS = (
					"$(inherited)",
					"@executable_path/Frameworks",
					"@loader_path/Frameworks",
				);
				PRODUCT_BUNDLE_IDENTIFIER = com.ydio.demoTests;
				PRODUCT_NAME = "$(TARGET_NAME)";
				SWIFT_VERSION = 4.2;
				TARGETED_DEVICE_FAMILY = "1,2";
				TEST_HOST = "$(BUILT_PRODUCTS_DIR)/demo.app/demo";
			};
			name = Release;
		};
/* End XCBuildConfiguration section */

/* Begin XCConfigurationList section */
		95F0AFB52207320100FF91DD /* Build configuration list for PBXProject "demo" */ = {
			isa = XCConfigurationList;
			buildConfigurations = (
				95F0AFD52207320300FF91DD /* Debug */,
				95F0AFD62207320300FF91DD /* Release */,
			);
			defaultConfigurationIsVisible = 0;
			defaultConfigurationName = Release;
		};
		95F0AFD72207320300FF91DD /* Build configuration list for PBXNativeTarget "demo" */ = {
			isa = XCConfigurationList;
			buildConfigurations = (
				95F0AFD82207320300FF91DD /* Debug */,
				95F0AFD92207320300FF91DD /* Release */,
			);
			defaultConfigurationIsVisible = 0;
			defaultConfigurationName = Release;
		};
		95F0AFDA2207320300FF91DD /* Build configuration list for PBXNativeTarget "demoTests" */ = {
			isa = XCConfigurationList;
			buildConfigurations = (
				95F0AFDB2207320300FF91DD /* Debug */,
				95F0AFDC2207320300FF91DD /* Release */,
			);
			defaultConfigurationIsVisible = 0;
			defaultConfigurationName = Release;
		};
/* End XCConfigurationList section */
	};
	rootObject = 95F0AFB22207320100FF91DD /* Project object */;
}
